
Microsoft Visual Studio Solution File, Format Version 12.00
# Visual Studio Version 16
VisualStudioVersion = 16.0.31321.278
MinimumVisualStudioVersion = 10.0.40219.1
Project("{FAE04EC0-301F-11D3-BF4B-00C04F79EFBC}") = "Fercejor", "Fercejor\Fercejor.csproj", "{B4980B4B-7D27-40BF-A419-43924421F49A}"
EndProject
Global
	GlobalSection(SolutionConfigurationPlatforms) = preSolution
		Debug|Any CPU = Debug|Any CPU
		Release|Any CPU = Release|Any CPU
	EndGlobalSection
	GlobalSection(ProjectConfigurationPlatforms) = postSolution
		{B4980B4B-7D27-40BF-A419-43924421F49A}.Debug|Any CPU.ActiveCfg = Debug|Any CPU
		{B4980B4B-7D27-40BF-A419-43924421F49A}.Debug|Any CPU.Build.0 = Debug|Any CPU
		{B4980B4B-7D27-40BF-A419-43924421F49A}.Release|Any CPU.ActiveCfg = Release|Any CPU
		{B4980B4B-7D27-40BF-A419-43924421F49A}.Release|Any CPU.Build.0 = Release|Any CPU
	EndGlobalSection
	GlobalSection(SolutionProperties) = preSolution
		HideSolutionNode = FALSE
	EndGlobalSection
	GlobalSection(ExtensibilityGlobals) = postSolution
		SolutionGuid = {9429EE31-1BA7-4F5E-871E-A5A5FADDA946}
	EndGlobalSection
EndGlobal
